
Microsoft Visual Studio Solution File, Format Version 12.00
# Visual Studio 15
VisualStudioVersion = 15.0.28307.421
MinimumVisualStudioVersion = 10.0.40219.1
Project("{8BC9CEB8-8B4A-11D0-8D11-00A0C91BC942}") = "zmachine", "zmachine\zmachine.vcxproj", "{5D28CA5D-75C3-43FB-947E-0910B29ACF14}"
EndProject
Global
	GlobalSection(SolutionConfigurationPlatforms) = preSolution
		Debug|x64 = Debug|x64
		Release|x64 = Release|x64
	EndGlobalSection
	GlobalSection(ProjectConfigurationPlatforms) = postSolution
		{5D28CA5D-75C3-43FB-947E-0910B29ACF14}.Debug|x64.ActiveCfg = Debug|x64
		{5D28CA5D-75C3-43FB-947E-0910B29ACF14}.Debug|x64.Build.0 = Debug|x64
		{5D28CA5D-75C3-43FB-947E-0910B29ACF14}.Release|x64.ActiveCfg = Release|x64
		{5D28CA5D-75C3-43FB-947E-0910B29ACF14}.Release|x64.Build.0 = Release|x64
	EndGlobalSection
	GlobalSection(SolutionProperties) = preSolution
		HideSolutionNode = FALSE
	EndGlobalSection
	GlobalSection(ExtensibilityGlobals) = postSolution
		SolutionGuid = {0A0C1194-5C77-4FA7-9C4B-0D5BBD05F21F}
	EndGlobalSection
EndGlobal
